{
  "name": "game-test",
  "version": "1.1.0",
  "lockfileVersion": 3,
  "requires": true,
  "packages": {
    "": {
      "name": "game-test",
      "version": "1.1.0",
      "license": "ISC",
      "dependencies": {
        "p5": "^1.9.4"
      }
    },
    "node_modules/p5": {
      "version": "1.9.4",
      "resolved": "https://registry.npmjs.org/p5/-/p5-1.9.4.tgz",
      "integrity": "sha512-dhiZ9mvXx5pm8eRwml34xbeUwce4uS9Q2za0YOHg2p97N9iNAb5hTIHAt77CHKHXAh6A16u/oalz5egRfTyFWw=="
    }
  }
}
